
Microsoft Visual Studio Solution File, Format Version 12.00
# Visual Studio 15
VisualStudioVersion = 15.0.28010.2046
MinimumVisualStudioVersion = 10.0.40219.1
Project("{9A19103F-16F7-4668-BE54-9A1E7A4F7556}") = "Datos", "Datos\Datos.csproj", "{81B34939-A09C-4A6C-90A8-4AE4F1395A77}"
EndProject
Project("{9A19103F-16F7-4668-BE54-9A1E7A4F7556}") = "Entidades", "Entidades\Entidades.csproj", "{959AED1E-40B8-4937-8C14-56FC498ACC52}"
EndProject
Project("{9A19103F-16F7-4668-BE54-9A1E7A4F7556}") = "Negocios", "Negocios\Negocios.csproj", "{7DD49597-1D85-479F-9981-984355877726}"
EndProject
Project("{9A19103F-16F7-4668-BE54-9A1E7A4F7556}") = "Web", "Web\Web.csproj", "{EC81F436-3D06-449A-84D8-46BDC27CC30A}"
EndProject
Global
	GlobalSection(SolutionConfigurationPlatforms) = preSolution
		Debug|Any CPU = Debug|Any CPU
		Release|Any CPU = Release|Any CPU
	EndGlobalSection
	GlobalSection(ProjectConfigurationPlatforms) = postSolution
		{81B34939-A09C-4A6C-90A8-4AE4F1395A77}.Debug|Any CPU.ActiveCfg = Debug|Any CPU
		{81B34939-A09C-4A6C-90A8-4AE4F1395A77}.Debug|Any CPU.Build.0 = Debug|Any CPU
		{81B34939-A09C-4A6C-90A8-4AE4F1395A77}.Release|Any CPU.ActiveCfg = Release|Any CPU
		{81B34939-A09C-4A6C-90A8-4AE4F1395A77}.Release|Any CPU.Build.0 = Release|Any CPU
		{959AED1E-40B8-4937-8C14-56FC498ACC52}.Debug|Any CPU.ActiveCfg = Debug|Any CPU
		{959AED1E-40B8-4937-8C14-56FC498ACC52}.Debug|Any CPU.Build.0 = Debug|Any CPU
		{959AED1E-40B8-4937-8C14-56FC498ACC52}.Release|Any CPU.ActiveCfg = Release|Any CPU
		{959AED1E-40B8-4937-8C14-56FC498ACC52}.Release|Any CPU.Build.0 = Release|Any CPU
		{7DD49597-1D85-479F-9981-984355877726}.Debug|Any CPU.ActiveCfg = Debug|Any CPU
		{7DD49597-1D85-479F-9981-984355877726}.Debug|Any CPU.Build.0 = Debug|Any CPU
		{7DD49597-1D85-479F-9981-984355877726}.Release|Any CPU.ActiveCfg = Release|Any CPU
		{7DD49597-1D85-479F-9981-984355877726}.Release|Any CPU.Build.0 = Release|Any CPU
		{EC81F436-3D06-449A-84D8-46BDC27CC30A}.Debug|Any CPU.ActiveCfg = Debug|Any CPU
		{EC81F436-3D06-449A-84D8-46BDC27CC30A}.Debug|Any CPU.Build.0 = Debug|Any CPU
		{EC81F436-3D06-449A-84D8-46BDC27CC30A}.Release|Any CPU.ActiveCfg = Release|Any CPU
		{EC81F436-3D06-449A-84D8-46BDC27CC30A}.Release|Any CPU.Build.0 = Release|Any CPU
	EndGlobalSection
	GlobalSection(SolutionProperties) = preSolution
		HideSolutionNode = FALSE
	EndGlobalSection
	GlobalSection(ExtensibilityGlobals) = postSolution
		SolutionGuid = {B83A863A-4548-4840-B1D9-2261446AFFF9}
	EndGlobalSection
EndGlobal
